
Microsoft Visual Studio Solution File, Format Version 12.00
# Visual Studio 15
VisualStudioVersion = 15.0.27004.2005
MinimumVisualStudioVersion = 10.0.40219.1
Project("{FAE04EC0-301F-11D3-BF4B-00C04F79EFBC}") = "BlendedJS", "BlendedJS\BlendedJS.csproj", "{54B76669-C340-48C9-BCDF-BB2968550E1F}"
EndProject
Project("{FAE04EC0-301F-11D3-BF4B-00C04F79EFBC}") = "BlendedJS.Tests", "BlendedJS.Tests\BlendedJS.Tests.csproj", "{3903FEB1-9FDD-4396-AB73-EE5AB23A50B9}"
EndProject
Global
	GlobalSection(SolutionConfigurationPlatforms) = preSolution
		Debug|Any CPU = Debug|Any CPU
		Release|Any CPU = Release|Any CPU
	EndGlobalSection
	GlobalSection(ProjectConfigurationPlatforms) = postSolution
		{54B76669-C340-48C9-BCDF-BB2968550E1F}.Debug|Any CPU.ActiveCfg = Debug|Any CPU
		{54B76669-C340-48C9-BCDF-BB2968550E1F}.Debug|Any CPU.Build.0 = Debug|Any CPU
		{54B76669-C340-48C9-BCDF-BB2968550E1F}.Release|Any CPU.ActiveCfg = Release|Any CPU
		{54B76669-C340-48C9-BCDF-BB2968550E1F}.Release|Any CPU.Build.0 = Release|Any CPU
		{3903FEB1-9FDD-4396-AB73-EE5AB23A50B9}.Debug|Any CPU.ActiveCfg = Debug|Any CPU
		{3903FEB1-9FDD-4396-AB73-EE5AB23A50B9}.Debug|Any CPU.Build.0 = Debug|Any CPU
		{3903FEB1-9FDD-4396-AB73-EE5AB23A50B9}.Release|Any CPU.ActiveCfg = Release|Any CPU
		{3903FEB1-9FDD-4396-AB73-EE5AB23A50B9}.Release|Any CPU.Build.0 = Release|Any CPU
	EndGlobalSection
	GlobalSection(SolutionProperties) = preSolution
		HideSolutionNode = FALSE
	EndGlobalSection
	GlobalSection(ExtensibilityGlobals) = postSolution
		SolutionGuid = {58B173EE-9670-4251-A00A-F47F9142A2AF}
	EndGlobalSection
EndGlobal
